
Microsoft Visual Studio Solution File, Format Version 12.00
# Visual Studio 15
VisualStudioVersion = 15.0.26228.4
MinimumVisualStudioVersion = 10.0.40219.1
Project("{FAE04EC0-301F-11D3-BF4B-00C04F79EFBC}") = "PluralsightExample", "PluralsightExample\PluralsightExample.csproj", "{419E7F2B-C8DF-4DBC-A641-F4E9B1DB0D6C}"
EndProject
Project("{FAE04EC0-301F-11D3-BF4B-00C04F79EFBC}") = "PluralsightExample.Tests", "PluralsightExample.Tests\PluralsightExample.Tests.csproj", "{9AA91D56-3F98-49B1-84FA-2B1D662F0833}"
EndProject
Global
	GlobalSection(SolutionConfigurationPlatforms) = preSolution
		Debug|Any CPU = Debug|Any CPU
		Release|Any CPU = Release|Any CPU
	EndGlobalSection
	GlobalSection(ProjectConfigurationPlatforms) = postSolution
		{419E7F2B-C8DF-4DBC-A641-F4E9B1DB0D6C}.Debug|Any CPU.ActiveCfg = Debug|Any CPU
		{419E7F2B-C8DF-4DBC-A641-F4E9B1DB0D6C}.Debug|Any CPU.Build.0 = Debug|Any CPU
		{419E7F2B-C8DF-4DBC-A641-F4E9B1DB0D6C}.Release|Any CPU.ActiveCfg = Release|Any CPU
		{419E7F2B-C8DF-4DBC-A641-F4E9B1DB0D6C}.Release|Any CPU.Build.0 = Release|Any CPU
		{9AA91D56-3F98-49B1-84FA-2B1D662F0833}.Debug|Any CPU.ActiveCfg = Debug|Any CPU
		{9AA91D56-3F98-49B1-84FA-2B1D662F0833}.Debug|Any CPU.Build.0 = Debug|Any CPU
		{9AA91D56-3F98-49B1-84FA-2B1D662F0833}.Release|Any CPU.ActiveCfg = Release|Any CPU
		{9AA91D56-3F98-49B1-84FA-2B1D662F0833}.Release|Any CPU.Build.0 = Release|Any CPU
	EndGlobalSection
	GlobalSection(SolutionProperties) = preSolution
		HideSolutionNode = FALSE
	EndGlobalSection
EndGlobal
